<?xml version="1.0" encoding="UTF-8" standalone="yes" ?>
<CodeBlocks_project_file>
	<FileVersion major="1" minor="6" />
	<Project>
		<Option title="gmapi" />
		<Option pch_mode="2" />
		<Option compiler="gcc" />
		<Build>
			<Target title="Debug">
				<Option output="lib\libgmapi" prefix_auto="1" extension_auto="1" />
				<Option working_dir="" />
				<Option object_output="obj\Debug\" />
				<Option type="2" />
				<Option compiler="gcc" />
				<Option createDefFile="1" />
				<Compiler>
					<Add option="-Wall" />
					<Add option="-g" />
				</Compiler>
			</Target>
			<Target title="Release">
				<Option output="lib\libgmapi" prefix_auto="1" extension_auto="1" />
				<Option working_dir="" />
				<Option object_output="obj\Release\" />
				<Option type="2" />
				<Option compiler="gcc" />
				<Option createDefFile="1" />
				<Compiler>
					<Add option="-O2" />
					<Add option="-Wall" />
				</Compiler>
				<Linker>
					<Add option="-s" />
				</Linker>
			</Target>
		</Build>
		<ExtraCommands>
			<Add after="ar rcs lib\libgmapi.a GMAPICore\GMAPICore.obj" />
		</ExtraCommands>
		<Unit filename="GMAPI\Gmapi.h" />
		<Unit filename="GMAPI\Gmapi3DGraphics.cpp" />
		<Unit filename="GMAPI\Gmapi3DGraphics.h" />
		<Unit filename="GMAPI\GmapiConsts.cpp" />
		<Unit filename="GMAPI\GmapiConsts.h" />
		<Unit filename="GMAPI\GmapiCore.h" />
		<Unit filename="GMAPI\GmapiDataStructures.cpp" />
		<Unit filename="GMAPI\GmapiDataStructures.h" />
		<Unit filename="GMAPI\GmapiDefs.h" />
		<Unit filename="GMAPI\GmapiFiles.cpp" />
		<Unit filename="GMAPI\GmapiFiles.h" />
		<Unit filename="GMAPI\GmapiGameGraphics.cpp" />
		<Unit filename="GMAPI\GmapiGameGraphics.h" />
		<Unit filename="GMAPI\GmapiGameplay.cpp" />
		<Unit filename="GMAPI\GmapiGameplay.h" />
		<Unit filename="GMAPI\GmapiInteraction.cpp" />
		<Unit filename="GMAPI\GmapiInteraction.h" />
		<Unit filename="GMAPI\GmapiInternal.cpp" />
		<Unit filename="GMAPI\GmapiInternal.h" />
		<Unit filename="GMAPI\GmapiMacros.h" />
		<Unit filename="GMAPI\GmapiMultiplayer.cpp" />
		<Unit filename="GMAPI\GmapiMultiplayer.h" />
		<Unit filename="GMAPI\GmapiParticles.cpp" />
		<Unit filename="GMAPI\GmapiParticles.h" />
		<Unit filename="GMAPI\GmapiPopups.cpp" />
		<Unit filename="GMAPI\GmapiPopups.h" />
		<Unit filename="GMAPI\GmapiResources.cpp" />
		<Unit filename="GMAPI\GmapiResources.h" />
		<Unit filename="GMAPI\GmapiSounds.cpp" />
		<Unit filename="GMAPI\GmapiSounds.h" />
		<Extensions>
			<code_completion />
			<envvars />
			<debugger />
			<lib_finder disable_auto="1" />
		</Extensions>
	</Project>
</CodeBlocks_project_file>
